
Microsoft Visual Studio Solution File, Format Version 12.00
# Visual Studio Version 17
VisualStudioVersion = 17.12.35506.116 d17.12
MinimumVisualStudioVersion = 10.0.40219.1
Project("{FAE04EC0-301F-11D3-BF4B-00C04F79EFBC}") = "PizzaMaker", "PizzaMaker.csproj", "{8D229DDC-5337-43A0-8762-28BEAF4F4AC1}"
EndProject
Project("{2150E333-8FDC-42A3-9474-1A3956D46DE8}") = "Solution Items", "Solution Items", "{7BB60E79-1D60-48B7-AB6B-F53C01B6807F}"
	ProjectSection(SolutionItems) = preProject
		PizzaOrder.cs = PizzaOrder.cs
	EndProjectSection
EndProject
Global
	GlobalSection(SolutionConfigurationPlatforms) = preSolution
		Debug|Any CPU = Debug|Any CPU
		Release|Any CPU = Release|Any CPU
	EndGlobalSection
	GlobalSection(ProjectConfigurationPlatforms) = postSolution
		{8D229DDC-5337-43A0-8762-28BEAF4F4AC1}.Debug|Any CPU.ActiveCfg = Debug|Any CPU
		{8D229DDC-5337-43A0-8762-28BEAF4F4AC1}.Debug|Any CPU.Build.0 = Debug|Any CPU
		{8D229DDC-5337-43A0-8762-28BEAF4F4AC1}.Release|Any CPU.ActiveCfg = Release|Any CPU
		{8D229DDC-5337-43A0-8762-28BEAF4F4AC1}.Release|Any CPU.Build.0 = Release|Any CPU
	EndGlobalSection
	GlobalSection(SolutionProperties) = preSolution
		HideSolutionNode = FALSE
	EndGlobalSection
EndGlobal
